
Microsoft Visual Studio Solution File, Format Version 12.00
# Visual Studio Version 17
VisualStudioVersion = 17.4.33213.308
MinimumVisualStudioVersion = 10.0.40219.1
Project("{FAE04EC0-301F-11D3-BF4B-00C04F79EFBC}") = "PetManagement", "PetManagement\PetManagement.csproj", "{47AB1FD6-AE87-461F-91C6-8A85EAE24233}"
EndProject
Global
	GlobalSection(SolutionConfigurationPlatforms) = preSolution
		Debug|Any CPU = Debug|Any CPU
		Release|Any CPU = Release|Any CPU
	EndGlobalSection
	GlobalSection(ProjectConfigurationPlatforms) = postSolution
		{47AB1FD6-AE87-461F-91C6-8A85EAE24233}.Debug|Any CPU.ActiveCfg = Debug|Any CPU
		{47AB1FD6-AE87-461F-91C6-8A85EAE24233}.Debug|Any CPU.Build.0 = Debug|Any CPU
		{47AB1FD6-AE87-461F-91C6-8A85EAE24233}.Release|Any CPU.ActiveCfg = Release|Any CPU
		{47AB1FD6-AE87-461F-91C6-8A85EAE24233}.Release|Any CPU.Build.0 = Release|Any CPU
	EndGlobalSection
	GlobalSection(SolutionProperties) = preSolution
		HideSolutionNode = FALSE
	EndGlobalSection
	GlobalSection(ExtensibilityGlobals) = postSolution
		SolutionGuid = {25989108-3738-4B1C-AEDB-47FC4E44A2A7}
	EndGlobalSection
EndGlobal
